{
  "version": 4,
  "terraform_version": "1.16.0",
  "serial": 19,
  "lineage": "fd1d6d1a-7f44-ff6f-1343-a72044a15ac2",
  "outputs": {
    "d1_database_id": {
      "value": "d41be3c3-3582-4cf4-8c64-e1d86b2a38e9",
      "type": "string"
    },
    "d1_dev_id": {
      "value": "73c6d3d4-edaa-4801-b577-5079776e1f6d",
      "type": "string"
    },
    "kv_dev_id": {
      "value": "8acd1cf3b2104802a5a61626817ce5cf",
      "type": "string"
    },
    "kv_sessions_id": {
      "value": "353601f0aae0438baf5b611e1803a131",
      "type": "string"
    }
  },
  "resources": [
    {
      "mode": "managed",
      "type": "cloudflare_d1_database",
      "name": "db",
      "provider": "provider[\"registry.terraform.io/cloudflare/cloudflare\"]",
      "instances": [
        {
          "schema_version": 500,
          "attributes": {
            "account_id": "a30624ae09cedc9e95c948520a2f1325",
            "created_at": "2026-08-29T13:33:25Z",
            "file_size": 352256,
            "id": "d41be3c3-3582-4cf4-8c64-e1d86b2a38e9",
            "jurisdiction": null,
            "name": "gestor-imobiliario",
            "num_tables": 11,
            "primary_location_hint": null,
            "read_replication": {
              "mode": "disabled"
            },
            "uuid": "d41be3c3-3582-4cf4-8c64-e1d86b2a38e9",
            "version": "production"
          },
          "sensitive_attributes": [],
          "identity_schema_version": 0
        }
      ]
    },
    {
      "mode": "managed",
      "type": "cloudflare_d1_database",
      "name": "db_dev",
      "provider": "provider[\"registry.terraform.io/cloudflare/cloudflare\"]",
      "instances": [
        {
          "schema_version": 500,
          "attributes": {
            "account_id": "a30624ae09cedc9e95c948520a2f1325",
            "created_at": "2026-08-31T23:32:12Z",
            "file_size": 163840,
            "id": "73c6d3d4-edaa-4801-b577-5079776e1f6d",
            "jurisdiction": null,
            "name": "gestor-imobiliario-dev",
            "num_tables": 11,
            "primary_location_hint": null,
            "read_replication": {
              "mode": "disabled"
            },
            "uuid": "73c6d3d4-edaa-4801-b577-5079776e1f6d",
            "version": "production"
          },
          "sensitive_attributes": [],
          "identity_schema_version": 0
        }
      ]
    },
    {
      "mode": "managed",
      "type": "cloudflare_r2_bucket",
      "name": "files",
      "provider": "provider[\"registry.terraform.io/cloudflare/cloudflare\"]",
      "instances": [
        {
          "schema_version": 500,
          "attributes": {
            "account_id": "a30624ae09cedc9e95c948520a2f1325",
            "creation_date": "2026-09-01T00:29:02.106Z",
            "id": "gestor-imobiliario",
            "jurisdiction": "default",
            "location": "ENAM",
            "name": "gestor-imobiliario",
            "storage_class": "Standard"
          },
          "sensitive_attributes": [],
          "identity_schema_version": 0
        }
      ]
    },
    {
      "mode": "managed",
      "type": "cloudflare_r2_bucket",
      "name": "files_dev",
      "provider": "provider[\"registry.terraform.io/cloudflare/cloudflare\"]",
      "instances": [
        {
          "schema_version": 500,
          "attributes": {
            "account_id": "a30624ae09cedc9e95c948520a2f1325",
            "creation_date": "2026-09-01T00:29:02.002Z",
            "id": "gestor-imobiliario-dev",
            "jurisdiction": "default",
            "location": "ENAM",
            "name": "gestor-imobiliario-dev",
            "storage_class": "Standard"
          },
          "sensitive_attributes": [],
          "identity_schema_version": 0
        }
      ]
    },
    {
      "mode": "managed",
      "type": "cloudflare_workers_kv_namespace",
      "name": "sessions",
      "provider": "provider[\"registry.terraform.io/cloudflare/cloudflare\"]",
      "instances": [
        {
          "schema_version": 500,
          "attributes": {
            "account_id": "a30624ae09cedc9e95c948520a2f1325",
            "id": "353601f0aae0438baf5b611e1803a131",
            "supports_url_encoding": true,
            "title": "gestor-imobiliario-sessions"
          },
          "sensitive_attributes": [],
          "identity_schema_version": 0
        }
      ]
    },
    {
      "mode": "managed",
      "type": "cloudflare_workers_kv_namespace",
      "name": "sessions_dev",
      "provider": "provider[\"registry.terraform.io/cloudflare/cloudflare\"]",
      "instances": [
        {
          "schema_version": 500,
          "attributes": {
            "account_id": "a30624ae09cedc9e95c948520a2f1325",
            "id": "8acd1cf3b2104802a5a61626817ce5cf",
            "supports_url_encoding": true,
            "title": "gestor-imobiliario-dev-sessions"
          },
          "sensitive_attributes": [],
          "identity_schema_version": 0
        }
      ]
    }
  ],
  "check_results": null
}
