{
  "version": 4,
  "terraform_version": "1.16.0",
  "serial": 8,
  "lineage": "fd1d6d1a-7f44-ff6f-1343-a72044a15ac2",
  "outputs": {
    "d1_database_id": {
      "value": "d41be3c3-3582-4cf4-8c64-e1d86b2a38e9",
      "type": "string"
    },
    "kv_sessions_id": {
      "value": "353601f0aae0438baf5b611e1803a131",
      "type": "string"
    }
  },
  "resources": [
    {
      "mode": "managed",
      "type": "cloudflare_d1_database",
      "name": "db",
      "provider": "provider[\"registry.terraform.io/cloudflare/cloudflare\"]",
      "instances": [
        {
          "schema_version": 500,
          "attributes": {
            "account_id": "a30624ae09cedc9e95c948520a2f1325",
            "created_at": "2026-08-29T13:33:25Z",
            "file_size": 221184,
            "id": "d41be3c3-3582-4cf4-8c64-e1d86b2a38e9",
            "jurisdiction": null,
            "name": "gestor-imobiliario",
            "num_tables": 8,
            "primary_location_hint": null,
            "read_replication": {
              "mode": "disabled"
            },
            "uuid": "d41be3c3-3582-4cf4-8c64-e1d86b2a38e9",
            "version": "production"
          },
          "sensitive_attributes": [],
          "identity_schema_version": 0
        }
      ]
    },
    {
      "mode": "managed",
      "type": "cloudflare_workers_kv_namespace",
      "name": "sessions",
      "provider": "provider[\"registry.terraform.io/cloudflare/cloudflare\"]",
      "instances": [
        {
          "schema_version": 500,
          "attributes": {
            "account_id": "a30624ae09cedc9e95c948520a2f1325",
            "id": "353601f0aae0438baf5b611e1803a131",
            "supports_url_encoding": true,
            "title": "gestor-imobiliario-sessions"
          },
          "sensitive_attributes": [],
          "identity_schema_version": 0
        }
      ]
    }
  ],
  "check_results": null
}
